
Microsoft Visual Studio Solution File, Format Version 12.00
# Visual Studio 15
VisualStudioVersion = 15.0.27703.2035
MinimumVisualStudioVersion = 10.0.40219.1
Project("{9A19103F-16F7-4668-BE54-9A1E7A4F7556}") = "MyApp.Mvc", "MyApp.Mvc\MyApp.Mvc.csproj", "{93492020-4698-4EB2-8F23-36567AEB531E}"
EndProject
Project("{9A19103F-16F7-4668-BE54-9A1E7A4F7556}") = "MyApp.IDP", "MyApp.IDP\MyApp.IDP.csproj", "{E71EE1D9-EAB5-4096-91BF-7F6866DC7BD2}"
EndProject
Project("{9A19103F-16F7-4668-BE54-9A1E7A4F7556}") = "MyApp.Api", "MyApp.API\MyApp.Api.csproj", "{A594CB6D-E728-49F5-9578-5502ACEB25E1}"
EndProject
Project("{9A19103F-16F7-4668-BE54-9A1E7A4F7556}") = "MyApp.Domain", "MyApp.Domain\MyApp.Domain.csproj", "{14B77176-C518-4FA9-92A3-BD44EF5E9CF8}"
EndProject
Project("{2150E333-8FDC-42A3-9474-1A3956D46DE8}") = "Core", "Core", "{536F561D-FC12-460D-91D3-6ED43E277C5B}"
EndProject
Project("{2150E333-8FDC-42A3-9474-1A3956D46DE8}") = "Infrastructure", "Infrastructure", "{4B9CDA03-6AB7-4F62-B4EC-043C3AEBF2F5}"
EndProject
Project("{2150E333-8FDC-42A3-9474-1A3956D46DE8}") = "Presentation", "Presentation", "{42EA9B51-4B15-4143-9805-873C38D83948}"
EndProject
Project("{9A19103F-16F7-4668-BE54-9A1E7A4F7556}") = "MyApp.Application", "MyApp.Application\MyApp.Application.csproj", "{48F46912-F76A-450D-9C6F-45EB96CF40B4}"
EndProject
Project("{2150E333-8FDC-42A3-9474-1A3956D46DE8}") = "src", "src", "{FEAC8D5D-837F-4CF3-9DF9-029AAC9C805B}"
EndProject
Project("{9A19103F-16F7-4668-BE54-9A1E7A4F7556}") = "MyApp.Infrastructure", "MyApp.Infrastructure\MyApp.Infrastructure.csproj", "{99714920-9168-4887-82FD-200B701F785D}"
EndProject
Project("{9A19103F-16F7-4668-BE54-9A1E7A4F7556}") = "MyApp.Persistance", "MyApp.Persistance\MyApp.Persistance.csproj", "{09A6B2B0-58AA-41CB-B0CB-EF7A5027E12C}"
EndProject
Project("{9A19103F-16F7-4668-BE54-9A1E7A4F7556}") = "MyApp.WebApi", "MyApp.WebApi\MyApp.WebApi.csproj", "{89EBEA65-2522-4484-9D39-CA9850396C6F}"
EndProject
Project("{2150E333-8FDC-42A3-9474-1A3956D46DE8}") = "Common", "Common", "{1D3EA330-A532-4F85-911A-D9CF4BB8A1CB}"
EndProject
Project("{9A19103F-16F7-4668-BE54-9A1E7A4F7556}") = "MyApp.Common", "MyApp.Common\MyApp.Common.csproj", "{B77184BE-1BC6-4E5E-A210-7E7325B8ECB9}"
EndProject
Project("{FAE04EC0-301F-11D3-BF4B-00C04F79EFBC}") = "MyApp.UI", "MyApp.UI\MyApp.UI.csproj", "{2AA1E704-0105-4F67-A3A7-8D908BC36D1C}"
EndProject
Global
	GlobalSection(SolutionConfigurationPlatforms) = preSolution
		Debug|Any CPU = Debug|Any CPU
		Release|Any CPU = Release|Any CPU
	EndGlobalSection
	GlobalSection(ProjectConfigurationPlatforms) = postSolution
		{93492020-4698-4EB2-8F23-36567AEB531E}.Debug|Any CPU.ActiveCfg = Debug|Any CPU
		{93492020-4698-4EB2-8F23-36567AEB531E}.Debug|Any CPU.Build.0 = Debug|Any CPU
		{93492020-4698-4EB2-8F23-36567AEB531E}.Release|Any CPU.ActiveCfg = Release|Any CPU
		{93492020-4698-4EB2-8F23-36567AEB531E}.Release|Any CPU.Build.0 = Release|Any CPU
		{E71EE1D9-EAB5-4096-91BF-7F6866DC7BD2}.Debug|Any CPU.ActiveCfg = Debug|Any CPU
		{E71EE1D9-EAB5-4096-91BF-7F6866DC7BD2}.Debug|Any CPU.Build.0 = Debug|Any CPU
		{E71EE1D9-EAB5-4096-91BF-7F6866DC7BD2}.Release|Any CPU.ActiveCfg = Release|Any CPU
		{E71EE1D9-EAB5-4096-91BF-7F6866DC7BD2}.Release|Any CPU.Build.0 = Release|Any CPU
		{A594CB6D-E728-49F5-9578-5502ACEB25E1}.Debug|Any CPU.ActiveCfg = Debug|Any CPU
		{A594CB6D-E728-49F5-9578-5502ACEB25E1}.Debug|Any CPU.Build.0 = Debug|Any CPU
		{A594CB6D-E728-49F5-9578-5502ACEB25E1}.Release|Any CPU.ActiveCfg = Release|Any CPU
		{A594CB6D-E728-49F5-9578-5502ACEB25E1}.Release|Any CPU.Build.0 = Release|Any CPU
		{14B77176-C518-4FA9-92A3-BD44EF5E9CF8}.Debug|Any CPU.ActiveCfg = Debug|Any CPU
		{14B77176-C518-4FA9-92A3-BD44EF5E9CF8}.Debug|Any CPU.Build.0 = Debug|Any CPU
		{14B77176-C518-4FA9-92A3-BD44EF5E9CF8}.Release|Any CPU.ActiveCfg = Release|Any CPU
		{14B77176-C518-4FA9-92A3-BD44EF5E9CF8}.Release|Any CPU.Build.0 = Release|Any CPU
		{48F46912-F76A-450D-9C6F-45EB96CF40B4}.Debug|Any CPU.ActiveCfg = Debug|Any CPU
		{48F46912-F76A-450D-9C6F-45EB96CF40B4}.Debug|Any CPU.Build.0 = Debug|Any CPU
		{48F46912-F76A-450D-9C6F-45EB96CF40B4}.Release|Any CPU.ActiveCfg = Release|Any CPU
		{48F46912-F76A-450D-9C6F-45EB96CF40B4}.Release|Any CPU.Build.0 = Release|Any CPU
		{99714920-9168-4887-82FD-200B701F785D}.Debug|Any CPU.ActiveCfg = Debug|Any CPU
		{99714920-9168-4887-82FD-200B701F785D}.Debug|Any CPU.Build.0 = Debug|Any CPU
		{99714920-9168-4887-82FD-200B701F785D}.Release|Any CPU.ActiveCfg = Release|Any CPU
		{99714920-9168-4887-82FD-200B701F785D}.Release|Any CPU.Build.0 = Release|Any CPU
		{09A6B2B0-58AA-41CB-B0CB-EF7A5027E12C}.Debug|Any CPU.ActiveCfg = Debug|Any CPU
		{09A6B2B0-58AA-41CB-B0CB-EF7A5027E12C}.Debug|Any CPU.Build.0 = Debug|Any CPU
		{09A6B2B0-58AA-41CB-B0CB-EF7A5027E12C}.Release|Any CPU.ActiveCfg = Release|Any CPU
		{09A6B2B0-58AA-41CB-B0CB-EF7A5027E12C}.Release|Any CPU.Build.0 = Release|Any CPU
		{89EBEA65-2522-4484-9D39-CA9850396C6F}.Debug|Any CPU.ActiveCfg = Debug|Any CPU
		{89EBEA65-2522-4484-9D39-CA9850396C6F}.Debug|Any CPU.Build.0 = Debug|Any CPU
		{89EBEA65-2522-4484-9D39-CA9850396C6F}.Release|Any CPU.ActiveCfg = Release|Any CPU
		{89EBEA65-2522-4484-9D39-CA9850396C6F}.Release|Any CPU.Build.0 = Release|Any CPU
		{B77184BE-1BC6-4E5E-A210-7E7325B8ECB9}.Debug|Any CPU.ActiveCfg = Debug|Any CPU
		{B77184BE-1BC6-4E5E-A210-7E7325B8ECB9}.Debug|Any CPU.Build.0 = Debug|Any CPU
		{B77184BE-1BC6-4E5E-A210-7E7325B8ECB9}.Release|Any CPU.ActiveCfg = Release|Any CPU
		{B77184BE-1BC6-4E5E-A210-7E7325B8ECB9}.Release|Any CPU.Build.0 = Release|Any CPU
		{2AA1E704-0105-4F67-A3A7-8D908BC36D1C}.Debug|Any CPU.ActiveCfg = Debug|Any CPU
		{2AA1E704-0105-4F67-A3A7-8D908BC36D1C}.Debug|Any CPU.Build.0 = Debug|Any CPU
		{2AA1E704-0105-4F67-A3A7-8D908BC36D1C}.Release|Any CPU.ActiveCfg = Release|Any CPU
		{2AA1E704-0105-4F67-A3A7-8D908BC36D1C}.Release|Any CPU.Build.0 = Release|Any CPU
	EndGlobalSection
	GlobalSection(SolutionProperties) = preSolution
		HideSolutionNode = FALSE
	EndGlobalSection
	GlobalSection(NestedProjects) = preSolution
		{93492020-4698-4EB2-8F23-36567AEB531E} = {42EA9B51-4B15-4143-9805-873C38D83948}
		{E71EE1D9-EAB5-4096-91BF-7F6866DC7BD2} = {4B9CDA03-6AB7-4F62-B4EC-043C3AEBF2F5}
		{A594CB6D-E728-49F5-9578-5502ACEB25E1} = {42EA9B51-4B15-4143-9805-873C38D83948}
		{14B77176-C518-4FA9-92A3-BD44EF5E9CF8} = {536F561D-FC12-460D-91D3-6ED43E277C5B}
		{536F561D-FC12-460D-91D3-6ED43E277C5B} = {FEAC8D5D-837F-4CF3-9DF9-029AAC9C805B}
		{4B9CDA03-6AB7-4F62-B4EC-043C3AEBF2F5} = {FEAC8D5D-837F-4CF3-9DF9-029AAC9C805B}
		{42EA9B51-4B15-4143-9805-873C38D83948} = {FEAC8D5D-837F-4CF3-9DF9-029AAC9C805B}
		{48F46912-F76A-450D-9C6F-45EB96CF40B4} = {536F561D-FC12-460D-91D3-6ED43E277C5B}
		{99714920-9168-4887-82FD-200B701F785D} = {4B9CDA03-6AB7-4F62-B4EC-043C3AEBF2F5}
		{09A6B2B0-58AA-41CB-B0CB-EF7A5027E12C} = {4B9CDA03-6AB7-4F62-B4EC-043C3AEBF2F5}
		{89EBEA65-2522-4484-9D39-CA9850396C6F} = {42EA9B51-4B15-4143-9805-873C38D83948}
		{1D3EA330-A532-4F85-911A-D9CF4BB8A1CB} = {FEAC8D5D-837F-4CF3-9DF9-029AAC9C805B}
		{B77184BE-1BC6-4E5E-A210-7E7325B8ECB9} = {1D3EA330-A532-4F85-911A-D9CF4BB8A1CB}
		{2AA1E704-0105-4F67-A3A7-8D908BC36D1C} = {42EA9B51-4B15-4143-9805-873C38D83948}
	EndGlobalSection
	GlobalSection(ExtensibilityGlobals) = postSolution
		SolutionGuid = {0A1121F8-3138-425D-B685-B117B29FDC6C}
	EndGlobalSection
EndGlobal
